{
  "name": "phoenix-microfrontend",
  "lockfileVersion": 2,
  "requires": true,
  "packages": {
    "": {
      "dependencies": {
        "fiori-fundamentals": "^1.7.10"
      }
    },
    "node_modules/fiori-fundamentals": {
      "version": "1.7.10",
      "resolved": "https://registry.npmjs.org/fiori-fundamentals/-/fiori-fundamentals-1.7.10.tgz",
      "integrity": "sha512-eajFruq4nKhNbtq7rq0U2lUtQtnBdUEwBeyGGnkD5zvOjacZUprJY4yHijB+NIXX0SVGqVJy7S3Df+YD3R/cLA==",
      "deprecated": "please, migrate to fundamental-styles packages",
      "engines": {
        "node": ">=8.12.0"
      }
    }
  },
  "dependencies": {
    "fiori-fundamentals": {
      "version": "1.7.10",
      "resolved": "https://registry.npmjs.org/fiori-fundamentals/-/fiori-fundamentals-1.7.10.tgz",
      "integrity": "sha512-eajFruq4nKhNbtq7rq0U2lUtQtnBdUEwBeyGGnkD5zvOjacZUprJY4yHijB+NIXX0SVGqVJy7S3Df+YD3R/cLA=="
    }
  }
}
